<?xml version="1.0" encoding="utf-8"?>
<Project ToolsVersion="4.0" xmlns="http://schemas.microsoft.com/developer/msbuild/2003">
  <ItemGroup>
    <Filter Include="Entities">
      <UniqueIdentifier>{3eabe10c-9042-43d1-be0e-bd6b5c42e913}</UniqueIdentifier>
    </Filter>
    <Filter Include="FSM">
      <UniqueIdentifier>{ef673372-7b3e-400b-96dd-05033f364f2e}</UniqueIdentifier>
    </Filter>
    <Filter Include="FuSM">
      <UniqueIdentifier>{493a2aeb-1d47-473c-9b3e-3bbebb2d9f9e}</UniqueIdentifier>
    </Filter>
    <Filter Include="Utilities">
      <UniqueIdentifier>{fee693ce-696e-4245-a943-a9af6c0dbb26}</UniqueIdentifier>
    </Filter>
    <Filter Include="DT">
      <UniqueIdentifier>{0acfab8c-3c4b-4697-8902-01e27f96ed4f}</UniqueIdentifier>
    </Filter>
  </ItemGroup>
  <ItemGroup>
    <ClCompile Include="FSM\FSMController.cpp">
      <Filter>FSM</Filter>
    </ClCompile>
    <ClCompile Include="FSM\ShipStates.cpp">
      <Filter>FSM</Filter>
    </ClCompile>
    <ClCompile Include="FuSM\FuSMController.cpp">
      <Filter>FuSM</Filter>
    </ClCompile>
    <ClCompile Include="Asteroid.cpp">
      <Filter>Entities</Filter>
    </ClCompile>
    <ClCompile Include="GameObject.cpp">
      <Filter>Entities</Filter>
    </ClCompile>
    <ClCompile Include="Projectile.cpp">
      <Filter>Entities</Filter>
    </ClCompile>
    <ClCompile Include="Ship.cpp">
      <Filter>Entities</Filter>
    </ClCompile>
    <ClCompile Include="Controller.cpp" />
    <ClCompile Include="GameSession.cpp" />
    <ClCompile Include="Main.cpp" />
    <ClCompile Include="FuSM\FShipStates.cpp">
      <Filter>FuSM</Filter>
    </ClCompile>
    <ClCompile Include="DT\DTController.cpp" />
  </ItemGroup>
  <ItemGroup>
    <ClInclude Include="GameObject.h">
      <Filter>Entities</Filter>
    </ClInclude>
    <ClInclude Include="Ship.h">
      <Filter>Entities</Filter>
    </ClInclude>
    <ClInclude Include="Utilities.h">
      <Filter>Utilities</Filter>
    </ClInclude>
    <ClInclude Include="Assets.h">
      <Filter>Utilities</Filter>
    </ClInclude>
    <ClInclude Include="Asteroid.h">
      <Filter>Entities</Filter>
    </ClInclude>
    <ClInclude Include="Window.h">
      <Filter>Utilities</Filter>
    </ClInclude>
    <ClInclude Include="Projectile.h">
      <Filter>Entities</Filter>
    </ClInclude>
    <ClInclude Include="FSM\FSMController.h">
      <Filter>FSM</Filter>
    </ClInclude>
    <ClInclude Include="FSM\State.h">
      <Filter>FSM</Filter>
    </ClInclude>
    <ClInclude Include="FSM\ShipStates.h">
      <Filter>FSM</Filter>
    </ClInclude>
    <ClInclude Include="FSM\StateMachine.h">
      <Filter>FSM</Filter>
    </ClInclude>
    <ClInclude Include="FuSM\FuSMController.h">
      <Filter>FuSM</Filter>
    </ClInclude>
    <ClInclude Include="Controller.h" />
    <ClInclude Include="GameSession.h" />
    <ClInclude Include="FuSM\FStateMachine.h">
      <Filter>FuSM</Filter>
    </ClInclude>
    <ClInclude Include="FuSM\FState.h">
      <Filter>FuSM</Filter>
    </ClInclude>
    <ClInclude Include="FuSM\FShipStates.h">
      <Filter>FuSM</Filter>
    </ClInclude>
    <ClInclude Include="DT\DTController.h" />
  </ItemGroup>
</Project>